
Microsoft Visual Studio Solution File, Format Version 12.00
# Visual Studio Version 17
VisualStudioVersion = 17.13.35913.81
MinimumVisualStudioVersion = 10.0.40219.1
Project("{FAE04EC0-301F-11D3-BF4B-00C04F79EFBC}") = "Semana3", "Semana3\Semana3.csproj", "{37BF7DB3-A693-43AD-9530-7ECB48051AFF}"
EndProject
Project("{FAE04EC0-301F-11D3-BF4B-00C04F79EFBC}") = "Semana4", "Semana4\Semana4.csproj", "{AFE32B1F-819F-4FF5-BBFB-6E36763C1163}"
EndProject
Project("{FAE04EC0-301F-11D3-BF4B-00C04F79EFBC}") = "Semana5", "Semana5\Semana5.csproj", "{26D49959-3A57-4ADD-A9FE-63CB58C45ADF}"
EndProject
Project("{FAE04EC0-301F-11D3-BF4B-00C04F79EFBC}") = "Semana6", "Semana6\Semana6.csproj", "{C26B279D-FFAB-4128-A3BE-E313E2C42CF3}"
EndProject
Project("{FAE04EC0-301F-11D3-BF4B-00C04F79EFBC}") = "Semana7", "Semana7\Semana7.csproj", "{DE01AF7C-0CF8-48F5-96FB-886EBD0602E7}"
EndProject
Project("{FAE04EC0-301F-11D3-BF4B-00C04F79EFBC}") = "Semana8", "Semana8\Semana8.csproj", "{35AF7458-BE99-417C-8A9F-C8D9EFA3F72F}"
EndProject
Project("{FAE04EC0-301F-11D3-BF4B-00C04F79EFBC}") = "Semana8.5", "Semana8.5\Semana8.5.csproj", "{FF168CD3-3183-44C9-914F-EB583F9B4714}"
EndProject
Global
	GlobalSection(SolutionConfigurationPlatforms) = preSolution
		Debug|Any CPU = Debug|Any CPU
		Release|Any CPU = Release|Any CPU
	EndGlobalSection
	GlobalSection(ProjectConfigurationPlatforms) = postSolution
		{37BF7DB3-A693-43AD-9530-7ECB48051AFF}.Debug|Any CPU.ActiveCfg = Debug|Any CPU
		{37BF7DB3-A693-43AD-9530-7ECB48051AFF}.Debug|Any CPU.Build.0 = Debug|Any CPU
		{37BF7DB3-A693-43AD-9530-7ECB48051AFF}.Release|Any CPU.ActiveCfg = Release|Any CPU
		{37BF7DB3-A693-43AD-9530-7ECB48051AFF}.Release|Any CPU.Build.0 = Release|Any CPU
		{AFE32B1F-819F-4FF5-BBFB-6E36763C1163}.Debug|Any CPU.ActiveCfg = Debug|Any CPU
		{AFE32B1F-819F-4FF5-BBFB-6E36763C1163}.Debug|Any CPU.Build.0 = Debug|Any CPU
		{AFE32B1F-819F-4FF5-BBFB-6E36763C1163}.Release|Any CPU.ActiveCfg = Release|Any CPU
		{AFE32B1F-819F-4FF5-BBFB-6E36763C1163}.Release|Any CPU.Build.0 = Release|Any CPU
		{26D49959-3A57-4ADD-A9FE-63CB58C45ADF}.Debug|Any CPU.ActiveCfg = Debug|Any CPU
		{26D49959-3A57-4ADD-A9FE-63CB58C45ADF}.Debug|Any CPU.Build.0 = Debug|Any CPU
		{26D49959-3A57-4ADD-A9FE-63CB58C45ADF}.Release|Any CPU.ActiveCfg = Release|Any CPU
		{26D49959-3A57-4ADD-A9FE-63CB58C45ADF}.Release|Any CPU.Build.0 = Release|Any CPU
		{C26B279D-FFAB-4128-A3BE-E313E2C42CF3}.Debug|Any CPU.ActiveCfg = Debug|Any CPU
		{C26B279D-FFAB-4128-A3BE-E313E2C42CF3}.Debug|Any CPU.Build.0 = Debug|Any CPU
		{C26B279D-FFAB-4128-A3BE-E313E2C42CF3}.Release|Any CPU.ActiveCfg = Release|Any CPU
		{C26B279D-FFAB-4128-A3BE-E313E2C42CF3}.Release|Any CPU.Build.0 = Release|Any CPU
		{DE01AF7C-0CF8-48F5-96FB-886EBD0602E7}.Debug|Any CPU.ActiveCfg = Debug|Any CPU
		{DE01AF7C-0CF8-48F5-96FB-886EBD0602E7}.Debug|Any CPU.Build.0 = Debug|Any CPU
		{DE01AF7C-0CF8-48F5-96FB-886EBD0602E7}.Release|Any CPU.ActiveCfg = Release|Any CPU
		{DE01AF7C-0CF8-48F5-96FB-886EBD0602E7}.Release|Any CPU.Build.0 = Release|Any CPU
		{35AF7458-BE99-417C-8A9F-C8D9EFA3F72F}.Debug|Any CPU.ActiveCfg = Debug|Any CPU
		{35AF7458-BE99-417C-8A9F-C8D9EFA3F72F}.Debug|Any CPU.Build.0 = Debug|Any CPU
		{35AF7458-BE99-417C-8A9F-C8D9EFA3F72F}.Release|Any CPU.ActiveCfg = Release|Any CPU
		{35AF7458-BE99-417C-8A9F-C8D9EFA3F72F}.Release|Any CPU.Build.0 = Release|Any CPU
		{FF168CD3-3183-44C9-914F-EB583F9B4714}.Debug|Any CPU.ActiveCfg = Debug|Any CPU
		{FF168CD3-3183-44C9-914F-EB583F9B4714}.Debug|Any CPU.Build.0 = Debug|Any CPU
		{FF168CD3-3183-44C9-914F-EB583F9B4714}.Release|Any CPU.ActiveCfg = Release|Any CPU
		{FF168CD3-3183-44C9-914F-EB583F9B4714}.Release|Any CPU.Build.0 = Release|Any CPU
	EndGlobalSection
	GlobalSection(SolutionProperties) = preSolution
		HideSolutionNode = FALSE
	EndGlobalSection
	GlobalSection(ExtensibilityGlobals) = postSolution
		SolutionGuid = {DE1D722D-18C7-4695-BF57-00807843374C}
	EndGlobalSection
EndGlobal
